
Microsoft Visual Studio Solution File, Format Version 12.00
# Visual Studio 15
VisualStudioVersion = 15.0.27703.2047
MinimumVisualStudioVersion = 10.0.40219.1
Project("{FAE04EC0-301F-11D3-BF4B-00C04F79EFBC}") = "MonitorSystem.Core", "MonitorSystem.Core\MonitorSystem.Core.csproj", "{7E1C731E-5EE4-49B3-8546-3B45AFC1413B}"
EndProject
Global
	GlobalSection(SolutionConfigurationPlatforms) = preSolution
		Debug|Any CPU = Debug|Any CPU
		Release|Any CPU = Release|Any CPU
	EndGlobalSection
	GlobalSection(ProjectConfigurationPlatforms) = postSolution
		{7E1C731E-5EE4-49B3-8546-3B45AFC1413B}.Debug|Any CPU.ActiveCfg = Debug|Any CPU
		{7E1C731E-5EE4-49B3-8546-3B45AFC1413B}.Debug|Any CPU.Build.0 = Debug|Any CPU
		{7E1C731E-5EE4-49B3-8546-3B45AFC1413B}.Release|Any CPU.ActiveCfg = Release|Any CPU
		{7E1C731E-5EE4-49B3-8546-3B45AFC1413B}.Release|Any CPU.Build.0 = Release|Any CPU
	EndGlobalSection
	GlobalSection(SolutionProperties) = preSolution
		HideSolutionNode = FALSE
	EndGlobalSection
	GlobalSection(ExtensibilityGlobals) = postSolution
		SolutionGuid = {FE38D388-2803-4AB5-B119-5E440184D76B}
	EndGlobalSection
EndGlobal
