
Microsoft Visual Studio Solution File, Format Version 12.00
# Visual Studio 15
VisualStudioVersion = 15.0.27703.2047
MinimumVisualStudioVersion = 10.0.40219.1
Project("{FAE04EC0-301F-11D3-BF4B-00C04F79EFBC}") = "MonitorSyste.Client.Console", "MonitorSyste.Client.Console\MonitorSyste.Client.Console.csproj", "{A0EF1DEA-5A2C-4172-BFCE-AA6782C51544}"
EndProject
Project("{FAE04EC0-301F-11D3-BF4B-00C04F79EFBC}") = "MonitorSystem.Core", "..\MonitorSystem.Core\MonitorSystem.Core.csproj", "{3F9E580E-1556-4FBA-A2D3-E6ECAB207CEF}"
EndProject
Global
	GlobalSection(SolutionConfigurationPlatforms) = preSolution
		Debug|Any CPU = Debug|Any CPU
		Release|Any CPU = Release|Any CPU
	EndGlobalSection
	GlobalSection(ProjectConfigurationPlatforms) = postSolution
		{A0EF1DEA-5A2C-4172-BFCE-AA6782C51544}.Debug|Any CPU.ActiveCfg = Debug|Any CPU
		{A0EF1DEA-5A2C-4172-BFCE-AA6782C51544}.Debug|Any CPU.Build.0 = Debug|Any CPU
		{A0EF1DEA-5A2C-4172-BFCE-AA6782C51544}.Release|Any CPU.ActiveCfg = Release|Any CPU
		{A0EF1DEA-5A2C-4172-BFCE-AA6782C51544}.Release|Any CPU.Build.0 = Release|Any CPU
		{3F9E580E-1556-4FBA-A2D3-E6ECAB207CEF}.Debug|Any CPU.ActiveCfg = Debug|Any CPU
		{3F9E580E-1556-4FBA-A2D3-E6ECAB207CEF}.Debug|Any CPU.Build.0 = Debug|Any CPU
		{3F9E580E-1556-4FBA-A2D3-E6ECAB207CEF}.Release|Any CPU.ActiveCfg = Release|Any CPU
		{3F9E580E-1556-4FBA-A2D3-E6ECAB207CEF}.Release|Any CPU.Build.0 = Release|Any CPU
	EndGlobalSection
	GlobalSection(SolutionProperties) = preSolution
		HideSolutionNode = FALSE
	EndGlobalSection
	GlobalSection(ExtensibilityGlobals) = postSolution
		SolutionGuid = {66294536-56C7-4D3F-873E-162223953CF7}
	EndGlobalSection
EndGlobal
